
Microsoft Visual Studio Solution File, Format Version 12.00
# Visual Studio Version 16
VisualStudioVersion = 16.0.30128.74
MinimumVisualStudioVersion = 10.0.40219.1
Project("{FAE04EC0-301F-11D3-BF4B-00C04F79EFBC}") = "MIPS", "MIPS.csproj", "{4DFE5F00-D235-4FB1-9703-252565B0E26A}"
EndProject
Global
	GlobalSection(SolutionConfigurationPlatforms) = preSolution
		Debug|Any CPU = Debug|Any CPU
		Release|Any CPU = Release|Any CPU
	EndGlobalSection
	GlobalSection(ProjectConfigurationPlatforms) = postSolution
		{4DFE5F00-D235-4FB1-9703-252565B0E26A}.Debug|Any CPU.ActiveCfg = Debug|Any CPU
		{4DFE5F00-D235-4FB1-9703-252565B0E26A}.Debug|Any CPU.Build.0 = Debug|Any CPU
		{4DFE5F00-D235-4FB1-9703-252565B0E26A}.Release|Any CPU.ActiveCfg = Release|Any CPU
		{4DFE5F00-D235-4FB1-9703-252565B0E26A}.Release|Any CPU.Build.0 = Release|Any CPU
	EndGlobalSection
	GlobalSection(SolutionProperties) = preSolution
		HideSolutionNode = FALSE
	EndGlobalSection
	GlobalSection(ExtensibilityGlobals) = postSolution
		SolutionGuid = {E5B42C86-A286-4964-A281-50E9691AD57A}
	EndGlobalSection
EndGlobal
